
Microsoft Visual Studio Solution File, Format Version 12.00
# Visual Studio Version 16
VisualStudioVersion = 16.0.31205.134
MinimumVisualStudioVersion = 10.0.40219.1
Project("{FAE04EC0-301F-11D3-BF4B-00C04F79EFBC}") = "Dictionary", "Dictionary\Dictionary.csproj", "{E4B0E463-373C-484C-ABDD-2359ED6DE24F}"
EndProject
Global
	GlobalSection(SolutionConfigurationPlatforms) = preSolution
		Debug|Any CPU = Debug|Any CPU
		Release|Any CPU = Release|Any CPU
	EndGlobalSection
	GlobalSection(ProjectConfigurationPlatforms) = postSolution
		{E4B0E463-373C-484C-ABDD-2359ED6DE24F}.Debug|Any CPU.ActiveCfg = Debug|Any CPU
		{E4B0E463-373C-484C-ABDD-2359ED6DE24F}.Debug|Any CPU.Build.0 = Debug|Any CPU
		{E4B0E463-373C-484C-ABDD-2359ED6DE24F}.Release|Any CPU.ActiveCfg = Release|Any CPU
		{E4B0E463-373C-484C-ABDD-2359ED6DE24F}.Release|Any CPU.Build.0 = Release|Any CPU
	EndGlobalSection
	GlobalSection(SolutionProperties) = preSolution
		HideSolutionNode = FALSE
	EndGlobalSection
	GlobalSection(ExtensibilityGlobals) = postSolution
		SolutionGuid = {220D011F-6B3E-4C09-A6C4-7A5BA5A7499D}
	EndGlobalSection
EndGlobal
